
Microsoft Visual Studio Solution File, Format Version 12.00
# Visual Studio Version 16
VisualStudioVersion = 16.0.31313.79
MinimumVisualStudioVersion = 10.0.40219.1
Project("{8BC9CEB8-8B4A-11D0-8D11-00A0C91BC942}") = "TR_GRAFKOM_A_672019289", "TR_GRAFKOM_A_672019289.vcxproj", "{A8DA65F2-8050-428B-977E-B952C7E1329D}"
EndProject
Global
	GlobalSection(SolutionConfigurationPlatforms) = preSolution
		Debug|x64 = Debug|x64
		Debug|x86 = Debug|x86
		Release|x64 = Release|x64
		Release|x86 = Release|x86
	EndGlobalSection
	GlobalSection(ProjectConfigurationPlatforms) = postSolution
		{A8DA65F2-8050-428B-977E-B952C7E1329D}.Debug|x64.ActiveCfg = Debug|x64
		{A8DA65F2-8050-428B-977E-B952C7E1329D}.Debug|x64.Build.0 = Debug|x64
		{A8DA65F2-8050-428B-977E-B952C7E1329D}.Debug|x86.ActiveCfg = Debug|Win32
		{A8DA65F2-8050-428B-977E-B952C7E1329D}.Debug|x86.Build.0 = Debug|Win32
		{A8DA65F2-8050-428B-977E-B952C7E1329D}.Release|x64.ActiveCfg = Release|x64
		{A8DA65F2-8050-428B-977E-B952C7E1329D}.Release|x64.Build.0 = Release|x64
		{A8DA65F2-8050-428B-977E-B952C7E1329D}.Release|x86.ActiveCfg = Release|Win32
		{A8DA65F2-8050-428B-977E-B952C7E1329D}.Release|x86.Build.0 = Release|Win32
	EndGlobalSection
	GlobalSection(SolutionProperties) = preSolution
		HideSolutionNode = FALSE
	EndGlobalSection
	GlobalSection(ExtensibilityGlobals) = postSolution
		SolutionGuid = {76C87EA5-FB78-43D2-8EFE-42B6E5505A5B}
	EndGlobalSection
EndGlobal
